
Microsoft Visual Studio Solution File, Format Version 12.00
# Visual Studio Version 17
VisualStudioVersion = 17.2.32616.157
MinimumVisualStudioVersion = 10.0.40219.1
Project("{FAE04EC0-301F-11D3-BF4B-00C04F79EFBC}") = "UC-4", "UC-4\UC-4.csproj", "{43F8E1CE-8C4A-49DA-A567-D8F851BDC2AA}"
EndProject
Global
	GlobalSection(SolutionConfigurationPlatforms) = preSolution
		Debug|Any CPU = Debug|Any CPU
		Release|Any CPU = Release|Any CPU
	EndGlobalSection
	GlobalSection(ProjectConfigurationPlatforms) = postSolution
		{43F8E1CE-8C4A-49DA-A567-D8F851BDC2AA}.Debug|Any CPU.ActiveCfg = Debug|Any CPU
		{43F8E1CE-8C4A-49DA-A567-D8F851BDC2AA}.Debug|Any CPU.Build.0 = Debug|Any CPU
		{43F8E1CE-8C4A-49DA-A567-D8F851BDC2AA}.Release|Any CPU.ActiveCfg = Release|Any CPU
		{43F8E1CE-8C4A-49DA-A567-D8F851BDC2AA}.Release|Any CPU.Build.0 = Release|Any CPU
	EndGlobalSection
	GlobalSection(SolutionProperties) = preSolution
		HideSolutionNode = FALSE
	EndGlobalSection
	GlobalSection(ExtensibilityGlobals) = postSolution
		SolutionGuid = {84697E52-F25B-4C35-BD01-1162AEFD4696}
	EndGlobalSection
EndGlobal
