
Microsoft Visual Studio Solution File, Format Version 12.00
# Visual Studio Version 17
VisualStudioVersion = 17.2.32616.157
MinimumVisualStudioVersion = 10.0.40219.1
Project("{FAE04EC0-301F-11D3-BF4B-00C04F79EFBC}") = "UC-3", "UC-3\UC-3.csproj", "{47CB4D44-318D-4DBF-ABAB-1924AD12DD17}"
EndProject
Global
	GlobalSection(SolutionConfigurationPlatforms) = preSolution
		Debug|Any CPU = Debug|Any CPU
		Release|Any CPU = Release|Any CPU
	EndGlobalSection
	GlobalSection(ProjectConfigurationPlatforms) = postSolution
		{47CB4D44-318D-4DBF-ABAB-1924AD12DD17}.Debug|Any CPU.ActiveCfg = Debug|Any CPU
		{47CB4D44-318D-4DBF-ABAB-1924AD12DD17}.Debug|Any CPU.Build.0 = Debug|Any CPU
		{47CB4D44-318D-4DBF-ABAB-1924AD12DD17}.Release|Any CPU.ActiveCfg = Release|Any CPU
		{47CB4D44-318D-4DBF-ABAB-1924AD12DD17}.Release|Any CPU.Build.0 = Release|Any CPU
	EndGlobalSection
	GlobalSection(SolutionProperties) = preSolution
		HideSolutionNode = FALSE
	EndGlobalSection
	GlobalSection(ExtensibilityGlobals) = postSolution
		SolutionGuid = {309C4AE4-7DC5-49BF-A390-8FD0D2E5603F}
	EndGlobalSection
EndGlobal
